# THIS IS AN AUTOGENERATED FILE. DO NOT EDIT THIS FILE DIRECTLY.
# yarn lockfile v1


"@assemblyscript/loader@^0.9.4":
  version "0.9.4"
  resolved "https://registry.yarnpkg.com/@assemblyscript/loader/-/loader-0.9.4.tgz#a483c54c1253656bb33babd464e3154a173e1577"
  integrity sha512-HazVq9zwTVwGmqdwYzu7WyQ6FQVZ7SwET0KKQuKm55jD0IfUpZgN0OPIiZG3zV1iSrVYcN0bdwLRXI/VNCYsUA==

"@esbuild/android-arm64@0.18.14":
  version "0.18.14"
  resolved "https://registry.yarnpkg.com/@esbuild/android-arm64/-/android-arm64-0.18.14.tgz#d86197e6ff965a187b2ea2704915f596a040ed4b"
  integrity sha512-rZ2v+Luba5/3D6l8kofWgTnqE+qsC/L5MleKIKFyllHTKHrNBMqeRCnZI1BtRx8B24xMYxeU32iIddRQqMsOsg==

"@esbuild/android-arm@0.18.14":
  version "0.18.14"
  resolved "https://registry.yarnpkg.com/@esbuild/android-arm/-/android-arm-0.18.14.tgz#ed59310c0e6ec6df8b17e363d33a954ecf870f4f"
  integrity sha512-blODaaL+lngG5bdK/t4qZcQvq2BBqrABmYwqPPcS5VRxrCSGHb9R/rA3fqxh7R18I7WU4KKv+NYkt22FDfalcg==

"@esbuild/android-x64@0.18.14":
  version "0.18.14"
  resolved "https://registry.yarnpkg.com/@esbuild/android-x64/-/android-x64-0.18.14.tgz#e01b387f1db3dd2596a44e8c577aa2609750bc82"
  integrity sha512-qSwh8y38QKl+1Iqg+YhvCVYlSk3dVLk9N88VO71U4FUjtiSFylMWK3Ugr8GC6eTkkP4Tc83dVppt2n8vIdlSGg==

"@esbuild/darwin-arm64@0.18.14":
  version "0.18.14"
  resolved "https://registry.yarnpkg.com/@esbuild/darwin-arm64/-/darwin-arm64-0.18.14.tgz#e92fbdeb9ff209a762cf107df3026c1b3e04ab85"
  integrity sha512-9Hl2D2PBeDYZiNbnRKRWuxwHa9v5ssWBBjisXFkVcSP5cZqzZRFBUWEQuqBHO4+PKx4q4wgHoWtfQ1S7rUqJ2Q==

"@esbuild/darwin-x64@0.18.14":
  version "0.18.14"
  resolved "https://registry.yarnpkg.com/@esbuild/darwin-x64/-/darwin-x64-0.18.14.tgz#bc1884d9f812647e2078fa4c46e4bffec53c7c09"
  integrity sha512-ZnI3Dg4ElQ6tlv82qLc/UNHtFsgZSKZ7KjsUNAo1BF1SoYDjkGKHJyCrYyWjFecmXpvvG/KJ9A/oe0H12odPLQ==

"@esbuild/freebsd-arm64@0.18.14":
  version "0.18.14"
  resolved "https://registry.yarnpkg.com/@esbuild/freebsd-arm64/-/freebsd-arm64-0.18.14.tgz#1fa876f627536b5037f4aed90545ccc330fd509b"
  integrity sha512-h3OqR80Da4oQCIa37zl8tU5MwHQ7qgPV0oVScPfKJK21fSRZEhLE4IIVpmcOxfAVmqjU6NDxcxhYaM8aDIGRLw==

"@esbuild/freebsd-x64@0.18.14":
  version "0.18.14"
  resolved "https://registry.yarnpkg.com/@esbuild/freebsd-x64/-/freebsd-x64-0.18.14.tgz#effaa4c5d7bab695b5e6fae459eaf49121fbc7c3"
  integrity sha512-ha4BX+S6CZG4BoH9tOZTrFIYC1DH13UTCRHzFc3GWX74nz3h/N6MPF3tuR3XlsNjMFUazGgm35MPW5tHkn2lzQ==

"@esbuild/linux-arm64@0.18.14":
  version "0.18.14"
  resolved "https://registry.yarnpkg.com/@esbuild/linux-arm64/-/linux-arm64-0.18.14.tgz#24bb4b1836fe7900e1ffda78aa6875a4eb500e3a"
  integrity sha512-IXORRe22In7U65NZCzjwAUc03nn8SDIzWCnfzJ6t/8AvGx5zBkcLfknI+0P+hhuftufJBmIXxdSTbzWc8X/V4w==

"@esbuild/linux-arm@0.18.14":
  version "0.18.14"
  resolved "https://registry.yarnpkg.com/@esbuild/linux-arm/-/linux-arm-0.18.14.tgz#7f3490320a4627f4c850a8613385bdf3ffb82285"
  integrity sha512-5+7vehI1iqru5WRtJyU2XvTOvTGURw3OZxe3YTdE9muNNIdmKAVmSHpB3Vw2LazJk2ifEdIMt/wTWnVe5V98Kg==

"@esbuild/linux-ia32@0.18.14":
  version "0.18.14"
  resolved "https://registry.yarnpkg.com/@esbuild/linux-ia32/-/linux-ia32-0.18.14.tgz#91f1e82f92ffaff8d72f9d90a0f209022529031a"
  integrity sha512-BfHlMa0nibwpjG+VXbOoqJDmFde4UK2gnW351SQ2Zd4t1N3zNdmUEqRkw/srC1Sa1DRBE88Dbwg4JgWCbNz/FQ==

"@esbuild/linux-loong64@0.18.14":
  version "0.18.14"
  resolved "https://registry.yarnpkg.com/@esbuild/linux-loong64/-/linux-loong64-0.18.14.tgz#cd5cb806af6361578800af79919c5cfd53401a17"
  integrity sha512-j2/Ex++DRUWIAaUDprXd3JevzGtZ4/d7VKz+AYDoHZ3HjJzCyYBub9CU1wwIXN+viOP0b4VR3RhGClsvyt/xSw==

"@esbuild/linux-mips64el@0.18.14":
  version "0.18.14"
  resolved "https://registry.yarnpkg.com/@esbuild/linux-mips64el/-/linux-mips64el-0.18.14.tgz#c635b6c0b8b4f9b4bff3aaafad59fa8cc07b354a"
  integrity sha512-qn2+nc+ZCrJmiicoAnJXJJkZWt8Nwswgu1crY7N+PBR8ChBHh89XRxj38UU6Dkthl2yCVO9jWuafZ24muzDC/A==

"@esbuild/linux-ppc64@0.18.14":
  version "0.18.14"
  resolved "https://registry.yarnpkg.com/@esbuild/linux-ppc64/-/linux-ppc64-0.18.14.tgz#9b2bb80b7e30667a81ffbcddb74ad8e79330cc94"
  integrity sha512-aGzXzd+djqeEC5IRkDKt3kWzvXoXC6K6GyYKxd+wsFJ2VQYnOWE954qV2tvy5/aaNrmgPTb52cSCHFE+Z7Z0yg==

"@esbuild/linux-riscv64@0.18.14":
  version "0.18.14"
  resolved "https://registry.yarnpkg.com/@esbuild/linux-riscv64/-/linux-riscv64-0.18.14.tgz#9520d34a4ecbf404e56f4cebdcc686c83b66babc"
  integrity sha512-8C6vWbfr0ygbAiMFLS6OPz0BHvApkT2gCboOGV76YrYw+sD/MQJzyITNsjZWDXJwPu9tjrFQOVG7zijRzBCnLw==

"@esbuild/linux-s390x@0.18.14":
  version "0.18.14"
  resolved "https://registry.yarnpkg.com/@esbuild/linux-s390x/-/linux-s390x-0.18.14.tgz#3987e30f807b8faf20815b2b2f0a4919084d4e7c"
  integrity sha512-G/Lf9iu8sRMM60OVGOh94ZW2nIStksEcITkXdkD09/T6QFD/o+g0+9WVyR/jajIb3A0LvBJ670tBnGe1GgXMgw==

"@esbuild/linux-x64@0.18.14":
  version "0.18.14"
  resolved "https://registry.yarnpkg.com/@esbuild/linux-x64/-/linux-x64-0.18.14.tgz#51c727dc7045c47ab8c08fe6c09cda3e170d99f3"
  integrity sha512-TBgStYBQaa3EGhgqIDM+ECnkreb0wkcKqL7H6m+XPcGUoU4dO7dqewfbm0mWEQYH3kzFHrzjOFNpSAVzDZRSJw==

"@esbuild/netbsd-x64@0.18.14":
  version "0.18.14"
  resolved "https://registry.yarnpkg.com/@esbuild/netbsd-x64/-/netbsd-x64-0.18.14.tgz#4677bf88b489d5ffe1b5f0abbb85812996455479"
  integrity sha512-stvCcjyCQR2lMTroqNhAbvROqRjxPEq0oQ380YdXxA81TaRJEucH/PzJ/qsEtsHgXlWFW6Ryr/X15vxQiyRXVg==

"@esbuild/openbsd-x64@0.18.14":
  version "0.18.14"
  resolved "https://registry.yarnpkg.com/@esbuild/openbsd-x64/-/openbsd-x64-0.18.14.tgz#939902897e533162450f69266f32ef1325ba98fd"
  integrity sha512-apAOJF14CIsN5ht1PA57PboEMsNV70j3FUdxLmA2liZ20gEQnfTG5QU0FhENo5nwbTqCB2O3WDsXAihfODjHYw==

"@esbuild/sunos-x64@0.18.14":
  version "0.18.14"
  resolved "https://registry.yarnpkg.com/@esbuild/sunos-x64/-/sunos-x64-0.18.14.tgz#a50721d47b93586249bd63250bd4b7496fc9957b"
  integrity sha512-fYRaaS8mDgZcGybPn2MQbn1ZNZx+UXFSUoS5Hd2oEnlsyUcr/l3c6RnXf1bLDRKKdLRSabTmyCy7VLQ7VhGdOQ==

"@esbuild/win32-arm64@0.18.14":
  version "0.18.14"
  resolved "https://registry.yarnpkg.com/@esbuild/win32-arm64/-/win32-arm64-0.18.14.tgz#d8531d370e6fd0e0e40f40e016f996bbe4fd5ebf"
  integrity sha512-1c44RcxKEJPrVj62XdmYhxXaU/V7auELCmnD+Ri+UCt+AGxTvzxl9uauQhrFso8gj6ZV1DaORV0sT9XSHOAk8Q==

"@esbuild/win32-ia32@0.18.14":
  version "0.18.14"
  resolved "https://registry.yarnpkg.com/@esbuild/win32-ia32/-/win32-ia32-0.18.14.tgz#dcbf75e4e65d2921cd4be14ed67cec7360440e46"
  integrity sha512-EXAFttrdAxZkFQmpvcAQ2bywlWUsONp/9c2lcfvPUhu8vXBBenCXpoq9YkUvVP639ld3YGiYx0YUQ6/VQz3Maw==

"@esbuild/win32-x64@0.18.14":
  version "0.18.14"
  resolved "https://registry.yarnpkg.com/@esbuild/win32-x64/-/win32-x64-0.18.14.tgz#43f66032e0f189b6f394d4dbc903a188bb0c969f"
  integrity sha512-K0QjGbcskx+gY+qp3v4/940qg8JitpXbdxFhRDA1aYoNaPff88+aEwoq45aqJ+ogpxQxmU0ZTjgnrQD/w8iiUg==

"@ipld/dag-pb@^4.0.0":
  version "4.0.4"
  resolved "https://registry.yarnpkg.com/@ipld/dag-pb/-/dag-pb-4.0.4.tgz#4bae328ef298df75f5e642de080ff920a613f4d2"
  integrity sha512-lX0c6ZAwD8ZKtjbawxotP8XNyR6z7/NIk7wXuhDlFT4MrNo/AOefZEUWjAw8CGz3EG3mau4P66VpsZwToVLHDg==
  dependencies:
    multiformats "^12.0.1"

"@jest/schemas@^29.6.0":
  version "29.6.0"
  resolved "https://registry.yarnpkg.com/@jest/schemas/-/schemas-29.6.0.tgz#0f4cb2c8e3dca80c135507ba5635a4fd755b0040"
  integrity sha512-rxLjXyJBTL4LQeJW3aKo0M/+GkCOXsO+8i9Iu7eDb6KwtP65ayoDsitrdPBtujxQ88k4wI2FNYfa6TOGwSn6cQ==
  dependencies:
    "@sinclair/typebox" "^0.27.8"

"@jridgewell/sourcemap-codec@^1.4.15":
  version "1.4.15"
  resolved "https://registry.yarnpkg.com/@jridgewell/sourcemap-codec/-/sourcemap-codec-1.4.15.tgz#d7c6e6755c78567a951e04ab52ef0fd26de59f32"
  integrity sha512-eF2rxCRulEKXHTRiDrDy6erMYWqNw4LPdQ8UQA4huuxaQsVeRPFl2oM8oDGxMFhJUWZf9McpLtJasDDZb/Bpeg==

"@multiformats/murmur3@^2.0.0":
  version "2.1.5"
  resolved "https://registry.yarnpkg.com/@multiformats/murmur3/-/murmur3-2.1.5.tgz#85e0b5417e8d1774626b62652bc947c59c050be9"
  integrity sha512-etjrdN/gJ1PhIg3vv+4QypYgXsqBQCfTFEMzSclz3t1YwLSnd9i8R1nL50CIznUraVlsKzbcH/xCB9dC0XbFow==
  dependencies:
    multiformats "^12.0.1"
    murmurhash3js-revisited "^3.0.0"

"@noble/curves@1.0.0", "@noble/curves@~1.0.0":
  version "1.0.0"
  resolved "https://registry.yarnpkg.com/@noble/curves/-/curves-1.0.0.tgz#e40be8c7daf088aaf291887cbc73f43464a92932"
  integrity sha512-2upgEu0iLiDVDZkNLeFV2+ht0BAVgQnEmCk6JsOch9Rp8xfkMCbvbAZlA2pBHQc73dbl+vFOXfqkf4uemdn0bw==
  dependencies:
    "@noble/hashes" "1.3.0"

"@noble/hashes@1.3.0":
  version "1.3.0"
  resolved "https://registry.yarnpkg.com/@noble/hashes/-/hashes-1.3.0.tgz#085fd70f6d7d9d109671090ccae1d3bec62554a1"
  integrity sha512-ilHEACi9DwqJB0pw7kv+Apvh50jiiSyR/cQ3y4W7lOR5mhvn/50FLUfsnfJz0BDZtl/RR16kXvptiv6q1msYZg==

"@noble/hashes@~1.3.0":
  version "1.3.1"
  resolved "https://registry.yarnpkg.com/@noble/hashes/-/hashes-1.3.1.tgz#8831ef002114670c603c458ab8b11328406953a9"
  integrity sha512-EbqwksQwz9xDRGfDST86whPBgM65E0OH/pCgqW0GBVzO22bNE+NuIbeTb714+IfSjU3aRk47EUvXIb5bTsenKA==

"@protobufjs/aspromise@^1.1.1", "@protobufjs/aspromise@^1.1.2":
  version "1.1.2"
  resolved "https://registry.yarnpkg.com/@protobufjs/aspromise/-/aspromise-1.1.2.tgz#9b8b0cc663d669a7d8f6f5d0893a14d348f30fbf"
  integrity sha512-j+gKExEuLmKwvz3OgROXtrJ2UG2x8Ch2YZUxahh+s1F2HZ+wAceUNLkvy6zKCPVRkU++ZWQrdxsUeQXmcg4uoQ==

"@protobufjs/base64@^1.1.2":
  version "1.1.2"
  resolved "https://registry.yarnpkg.com/@protobufjs/base64/-/base64-1.1.2.tgz#4c85730e59b9a1f1f349047dbf24296034bb2735"
  integrity sha512-AZkcAA5vnN/v4PDqKyMR5lx7hZttPDgClv83E//FMNhR2TMcLUhfRUBHCmSl0oi9zMgDDqRUJkSxO3wm85+XLg==

"@protobufjs/codegen@^2.0.4":
  version "2.0.4"
  resolved "https://registry.yarnpkg.com/@protobufjs/codegen/-/codegen-2.0.4.tgz#7ef37f0d010fb028ad1ad59722e506d9262815cb"
  integrity sha512-YyFaikqM5sH0ziFZCN3xDC7zeGaB/d0IUb9CATugHWbd1FRFwWwt4ld4OYMPWu5a3Xe01mGAULCdqhMlPl29Jg==

"@protobufjs/eventemitter@^1.1.0":
  version "1.1.0"
  resolved "https://registry.yarnpkg.com/@protobufjs/eventemitter/-/eventemitter-1.1.0.tgz#355cbc98bafad5978f9ed095f397621f1d066b70"
  integrity sha512-j9ednRT81vYJ9OfVuXG6ERSTdEL1xVsNgqpkxMsbIabzSo3goCjDIveeGv5d03om39ML71RdmrGNjG5SReBP/Q==

"@protobufjs/fetch@^1.1.0":
  version "1.1.0"
  resolved "https://registry.yarnpkg.com/@protobufjs/fetch/-/fetch-1.1.0.tgz#ba99fb598614af65700c1619ff06d454b0d84c45"
  integrity sha512-lljVXpqXebpsijW71PZaCYeIcE5on1w5DlQy5WH6GLbFryLUrBD4932W/E2BSpfRJWseIL4v/KPgBFxDOIdKpQ==
  dependencies:
    "@protobufjs/aspromise" "^1.1.1"
    "@protobufjs/inquire" "^1.1.0"

"@protobufjs/float@^1.0.2":
  version "1.0.2"
  resolved "https://registry.yarnpkg.com/@protobufjs/float/-/float-1.0.2.tgz#5e9e1abdcb73fc0a7cb8b291df78c8cbd97b87d1"
  integrity sha512-Ddb+kVXlXst9d+R9PfTIxh1EdNkgoRe5tOX6t01f1lYWOvJnSPDBlG241QLzcyPdoNTsblLUdujGSE4RzrTZGQ==

"@protobufjs/inquire@^1.1.0":
  version "1.1.0"
  resolved "https://registry.yarnpkg.com/@protobufjs/inquire/-/inquire-1.1.0.tgz#ff200e3e7cf2429e2dcafc1140828e8cc638f089"
  integrity sha512-kdSefcPdruJiFMVSbn801t4vFK7KB/5gd2fYvrxhuJYg8ILrmn9SKSX2tZdV6V+ksulWqS7aXjBcRXl3wHoD9Q==

"@protobufjs/path@^1.1.2":
  version "1.1.2"
  resolved "https://registry.yarnpkg.com/@protobufjs/path/-/path-1.1.2.tgz#6cc2b20c5c9ad6ad0dccfd21ca7673d8d7fbf68d"
  integrity sha512-6JOcJ5Tm08dOHAbdR3GrvP+yUUfkjG5ePsHYczMFLq3ZmMkAD98cDgcT2iA1lJ9NVwFd4tH/iSSoe44YWkltEA==

"@protobufjs/pool@^1.1.0":
  version "1.1.0"
  resolved "https://registry.yarnpkg.com/@protobufjs/pool/-/pool-1.1.0.tgz#09fd15f2d6d3abfa9b65bc366506d6ad7846ff54"
  integrity sha512-0kELaGSIDBKvcgS4zkjz1PeddatrjYcmMWOlAuAPwAeccUrPHdUqo/J6LiymHHEiJT5NrF1UVwxY14f+fy4WQw==

"@protobufjs/utf8@^1.1.0":
  version "1.1.0"
  resolved "https://registry.yarnpkg.com/@protobufjs/utf8/-/utf8-1.1.0.tgz#a777360b5b39a1a2e5106f8e858f2fd2d060c570"
  integrity sha512-Vvn3zZrhQZkkBE8LSuW3em98c0FwgO4nxzv6OdSxPKJIEKY2bGbHn+mhGIPerzI4twdxaP8/0+06HBpwf345Lw==

"@scure/base@~1.1.0":
  version "1.1.1"
  resolved "https://registry.yarnpkg.com/@scure/base/-/base-1.1.1.tgz#ebb651ee52ff84f420097055f4bf46cfba403938"
  integrity sha512-ZxOhsSyxYwLJj3pLZCefNitxsj093tb2vq90mp2txoYeBqbcjDjqFhyM8eUjq/uFm6zJ+mUuqxlS2FkuSY1MTA==

"@scure/bip32@1.3.0":
  version "1.3.0"
  resolved "https://registry.yarnpkg.com/@scure/bip32/-/bip32-1.3.0.tgz#6c8d980ef3f290987736acd0ee2e0f0d50068d87"
  integrity sha512-bcKpo1oj54hGholplGLpqPHRbIsnbixFtc06nwuNM5/dwSXOq/AAYoIBRsBmnZJSdfeNW5rnff7NTAz3ZCqR9Q==
  dependencies:
    "@noble/curves" "~1.0.0"
    "@noble/hashes" "~1.3.0"
    "@scure/base" "~1.1.0"

"@scure/bip39@1.2.0":
  version "1.2.0"
  resolved "https://registry.yarnpkg.com/@scure/bip39/-/bip39-1.2.0.tgz#a207e2ef96de354de7d0002292ba1503538fc77b"
  integrity sha512-SX/uKq52cuxm4YFXWFaVByaSHJh2w3BnokVSeUJVCv6K7WulT9u2BuNRBhuFl8vAuYnzx9bEu9WgpcNYTrYieg==
  dependencies:
    "@noble/hashes" "~1.3.0"
    "@scure/base" "~1.1.0"

"@sinclair/typebox@^0.27.8":
  version "0.27.8"
  resolved "https://registry.yarnpkg.com/@sinclair/typebox/-/typebox-0.27.8.tgz#6667fac16c436b5434a387a34dedb013198f6e6e"
  integrity sha512-+Fj43pSMwJs4KRrH/938Uf+uAELIgVBmQzg/q1YG10djyfA3TnrU8N8XzqCh/okZdszqBQTZf96idMfE5lnwTA==

"@types/chai-subset@^1.3.3":
  version "1.3.3"
  resolved "https://registry.yarnpkg.com/@types/chai-subset/-/chai-subset-1.3.3.tgz#97893814e92abd2c534de422cb377e0e0bdaac94"
  integrity sha512-frBecisrNGz+F4T6bcc+NLeolfiojh5FxW2klu669+8BARtyQv2C/GkNW6FUodVe4BroGMP/wER/YDGc7rEllw==
  dependencies:
    "@types/chai" "*"

"@types/chai@*", "@types/chai@^4.3.5":
  version "4.3.5"
  resolved "https://registry.yarnpkg.com/@types/chai/-/chai-4.3.5.tgz#ae69bcbb1bebb68c4ac0b11e9d8ed04526b3562b"
  integrity sha512-mEo1sAde+UCE6b2hxn332f1g1E8WfYRu6p5SvTKr2ZKC1f7gFJXk4h5PyGP9Dt6gCaG8y8XhwnXWC6Iy2cmBng==

"@types/node@*", "@types/node@>=13.7.0":
  version "20.4.2"
  resolved "https://registry.yarnpkg.com/@types/node/-/node-20.4.2.tgz#129cc9ae69f93824f92fac653eebfb4812ab4af9"
  integrity sha512-Dd0BYtWgnWJKwO1jkmTrzofjK2QXXcai0dmtzvIBhcA+RsG5h8R3xlyta0kGOZRNfL9GuRtb1knmPEhQrePCEw==

"@vitest/expect@0.33.0":
  version "0.33.0"
  resolved "https://registry.yarnpkg.com/@vitest/expect/-/expect-0.33.0.tgz#f48652591f3573ad6c2db828ad358d5c078845d3"
  integrity sha512-sVNf+Gla3mhTCxNJx+wJLDPp/WcstOe0Ksqz4Vec51MmgMth/ia0MGFEkIZmVGeTL5HtjYR4Wl/ZxBxBXZJTzQ==
  dependencies:
    "@vitest/spy" "0.33.0"
    "@vitest/utils" "0.33.0"
    chai "^4.3.7"

"@vitest/runner@0.33.0":
  version "0.33.0"
  resolved "https://registry.yarnpkg.com/@vitest/runner/-/runner-0.33.0.tgz#0b1a4d04ff8bc5cdad73920eac019d99550edf9d"
  integrity sha512-UPfACnmCB6HKRHTlcgCoBh6ppl6fDn+J/xR8dTufWiKt/74Y9bHci5CKB8tESSV82zKYtkBJo9whU3mNvfaisg==
  dependencies:
    "@vitest/utils" "0.33.0"
    p-limit "^4.0.0"
    pathe "^1.1.1"

"@vitest/snapshot@0.33.0":
  version "0.33.0"
  resolved "https://registry.yarnpkg.com/@vitest/snapshot/-/snapshot-0.33.0.tgz#4400a90c48907808122b573053a2112a832b3698"
  integrity sha512-tJjrl//qAHbyHajpFvr8Wsk8DIOODEebTu7pgBrP07iOepR5jYkLFiqLq2Ltxv+r0uptUb4izv1J8XBOwKkVYA==
  dependencies:
    magic-string "^0.30.1"
    pathe "^1.1.1"
    pretty-format "^29.5.0"

"@vitest/spy@0.33.0":
  version "0.33.0"
  resolved "https://registry.yarnpkg.com/@vitest/spy/-/spy-0.33.0.tgz#366074d3cf9cf1ed8aeaa76e50e78c799fb242eb"
  integrity sha512-Kv+yZ4hnH1WdiAkPUQTpRxW8kGtH8VRTnus7ZTGovFYM1ZezJpvGtb9nPIjPnptHbsyIAxYZsEpVPYgtpjGnrg==
  dependencies:
    tinyspy "^2.1.1"

"@vitest/utils@0.33.0":
  version "0.33.0"
  resolved "https://registry.yarnpkg.com/@vitest/utils/-/utils-0.33.0.tgz#6b9820cb8f128d649da6f78ecaa9b73d6222b277"
  integrity sha512-pF1w22ic965sv+EN6uoePkAOTkAPWM03Ri/jXNyMIKBb/XHLDPfhLvf/Fa9g0YECevAIz56oVYXhodLvLQ/awA==
  dependencies:
    diff-sequences "^29.4.3"
    loupe "^2.3.6"
    pretty-format "^29.5.0"

acorn-walk@^8.2.0:
  version "8.2.0"
  resolved "https://registry.yarnpkg.com/acorn-walk/-/acorn-walk-8.2.0.tgz#741210f2e2426454508853a2f44d0ab83b7f69c1"
  integrity sha512-k+iyHEuPgSw6SbuDpGQM+06HQUa04DZ3o+F6CSzXMvvI5KMvnaEqXe+YVe555R9nn6GPt404fos4wcgpw12SDA==

acorn@^8.8.2, acorn@^8.9.0:
  version "8.10.0"
  resolved "https://registry.yarnpkg.com/acorn/-/acorn-8.10.0.tgz#8be5b3907a67221a81ab23c7889c4c5526b62ec5"
  integrity sha512-F0SAmZ8iUtS//m8DmCTA0jlh6TDKkHQyK6xc6V4KDTyZKA9dnvX9/3sRTVQrWm79glUAZbnmmNcdYwUIHWVybw==

ansi-styles@^5.0.0:
  version "5.2.0"
  resolved "https://registry.yarnpkg.com/ansi-styles/-/ansi-styles-5.2.0.tgz#07449690ad45777d1924ac2abb2fc8895dba836b"
  integrity sha512-Cxwpt2SfTzTtXcfOlzGEee8O+c+MmUgGrNiBcXnuWxuFJHe6a5Hz7qwhwe5OgaSYI0IJvkLqWX1ASG+cJOkEiA==

assertion-error@^1.1.0:
  version "1.1.0"
  resolved "https://registry.yarnpkg.com/assertion-error/-/assertion-error-1.1.0.tgz#e60b6b0e8f301bd97e5375215bda406c85118c0b"
  integrity sha512-jgsaNduz+ndvGyFt3uSuWqvy4lCnIJiovtouQN5JZHOKCS2QuhEdbcQHFhVksz2N2U9hXJo8odG7ETyWlEeuDw==

base64-js@^1.3.1:
  version "1.5.1"
  resolved "https://registry.yarnpkg.com/base64-js/-/base64-js-1.5.1.tgz#1b1b440160a5bf7ad40b650f095963481903930a"
  integrity sha512-AKpaYlHn8t4SVbOHCy+b5+KKgvR4vrsD8vbvrbiQJps7fKDTkjkDry6ji0rUJjC0kzbNePLwzxq8iypo41qeWA==

bl@^5.0.0:
  version "5.1.0"
  resolved "https://registry.yarnpkg.com/bl/-/bl-5.1.0.tgz#183715f678c7188ecef9fe475d90209400624273"
  integrity sha512-tv1ZJHLfTDnXE6tMHv73YgSJaWR2AFuPwMntBe7XL/GBFHnT0CLnsHMogfk5+GzCDC5ZWarSCYaIGATZt9dNsQ==
  dependencies:
    buffer "^6.0.3"
    inherits "^2.0.4"
    readable-stream "^3.4.0"

blockstore-core@^4.2.0:
  version "4.2.0"
  resolved "https://registry.yarnpkg.com/blockstore-core/-/blockstore-core-4.2.0.tgz#649029be068743442768548dbefa0a896f9094a8"
  integrity sha512-F8BCobc75D+9/+hUD+5cixbU6zmZA+lBgNiuBkNlJqRgmAaBBvLOQF6Ad9Jei0Nvmy2a1jaF4CiN76W1apIghA==
  dependencies:
    err-code "^3.0.1"
    interface-blockstore "^5.0.0"
    interface-store "^5.0.0"
    multiformats "^11.0.2"

buffer@^6.0.3:
  version "6.0.3"
  resolved "https://registry.yarnpkg.com/buffer/-/buffer-6.0.3.tgz#2ace578459cc8fbe2a70aaa8f52ee63b6a74c6c6"
  integrity sha512-FTiCpNxtwiZZHEZbcbTIcZjERVICn9yq/pDFkTl95/AxzD1naBctN7YO68riM/gLSDY7sdrMby8hofADYuuqOA==
  dependencies:
    base64-js "^1.3.1"
    ieee754 "^1.2.1"

cac@^6.7.14:
  version "6.7.14"
  resolved "https://registry.yarnpkg.com/cac/-/cac-6.7.14.tgz#804e1e6f506ee363cb0e3ccbb09cad5dd9870959"
  integrity sha512-b6Ilus+c3RrdDk+JhLKUAQfzzgLEPy6wcXqS7f/xe1EETvsDP6GORG7SFuOs6cID5YkqchW/LXZbX5bc8j7ZcQ==

chai@^4.3.7:
  version "4.3.7"
  resolved "https://registry.yarnpkg.com/chai/-/chai-4.3.7.tgz#ec63f6df01829088e8bf55fca839bcd464a8ec51"
  integrity sha512-HLnAzZ2iupm25PlN0xFreAlBA5zaBSv3og0DdeGA4Ar6h6rJ3A0rolRUKJhSF2V10GZKDgWF/VmAEsNWjCRB+A==
  dependencies:
    assertion-error "^1.1.0"
    check-error "^1.0.2"
    deep-eql "^4.1.2"
    get-func-name "^2.0.0"
    loupe "^2.3.1"
    pathval "^1.1.1"
    type-detect "^4.0.5"

check-error@^1.0.2:
  version "1.0.2"
  resolved "https://registry.yarnpkg.com/check-error/-/check-error-1.0.2.tgz#574d312edd88bb5dd8912e9286dd6c0aed4aac82"
  integrity sha512-BrgHpW9NURQgzoNyjfq0Wu6VFO6D7IZEmJNdtgNqpzGG8RuNFHt2jQxWlAs4HMe119chBnv+34syEZtc6IhLtA==

debug@^4.3.1, debug@^4.3.4:
  version "4.3.4"
  resolved "https://registry.yarnpkg.com/debug/-/debug-4.3.4.tgz#1319f6579357f2338d3337d2cdd4914bb5dcc865"
  integrity sha512-PRWFHuSU3eDtQJPvnNY7Jcket1j0t5OuOsFzPPzsekD52Zl8qUfFIPEiswXqIvHWGVHOgX+7G/vCNNhehwxfkQ==
  dependencies:
    ms "2.1.2"

deep-eql@^4.1.2:
  version "4.1.3"
  resolved "https://registry.yarnpkg.com/deep-eql/-/deep-eql-4.1.3.tgz#7c7775513092f7df98d8df9996dd085eb668cc6d"
  integrity sha512-WaEtAOpRA1MQ0eohqZjpGD8zdI0Ovsm8mmFhaDN8dvDZzyoUMcYDnf5Y6iu7HTXxf8JDS23qWa4a+hKCDyOPzw==
  dependencies:
    type-detect "^4.0.0"

diff-sequences@^29.4.3:
  version "29.4.3"
  resolved "https://registry.yarnpkg.com/diff-sequences/-/diff-sequences-29.4.3.tgz#9314bc1fabe09267ffeca9cbafc457d8499a13f2"
  integrity sha512-ofrBgwpPhCD85kMKtE9RYFFq6OC1A89oW2vvgWZNCwxrUpRUILopY7lsYyMDSjc8g6U6aiO0Qubg6r4Wgt5ZnA==

err-code@^3.0.1:
  version "3.0.1"
  resolved "https://registry.yarnpkg.com/err-code/-/err-code-3.0.1.tgz#a444c7b992705f2b120ee320b09972eef331c920"
  integrity sha512-GiaH0KJUewYok+eeY05IIgjtAe4Yltygk9Wqp1V5yVWLdhf0hYZchRjNIT9bb0mSwRcIusT3cx7PJUf3zEIfUA==

esbuild@^0.18.10:
  version "0.18.14"
  resolved "https://registry.yarnpkg.com/esbuild/-/esbuild-0.18.14.tgz#3df4cfef66c55176583359d79fd416ffeb3cdf7e"
  integrity sha512-uNPj5oHPYmj+ZhSQeYQVFZ+hAlJZbAGOmmILWIqrGvPVlNLbyOvU5Bu6Woi8G8nskcx0vwY0iFoMPrzT86Ko+w==
  optionalDependencies:
    "@esbuild/android-arm" "0.18.14"
    "@esbuild/android-arm64" "0.18.14"
    "@esbuild/android-x64" "0.18.14"
    "@esbuild/darwin-arm64" "0.18.14"
    "@esbuild/darwin-x64" "0.18.14"
    "@esbuild/freebsd-arm64" "0.18.14"
    "@esbuild/freebsd-x64" "0.18.14"
    "@esbuild/linux-arm" "0.18.14"
    "@esbuild/linux-arm64" "0.18.14"
    "@esbuild/linux-ia32" "0.18.14"
    "@esbuild/linux-loong64" "0.18.14"
    "@esbuild/linux-mips64el" "0.18.14"
    "@esbuild/linux-ppc64" "0.18.14"
    "@esbuild/linux-riscv64" "0.18.14"
    "@esbuild/linux-s390x" "0.18.14"
    "@esbuild/linux-x64" "0.18.14"
    "@esbuild/netbsd-x64" "0.18.14"
    "@esbuild/openbsd-x64" "0.18.14"
    "@esbuild/sunos-x64" "0.18.14"
    "@esbuild/win32-arm64" "0.18.14"
    "@esbuild/win32-ia32" "0.18.14"
    "@esbuild/win32-x64" "0.18.14"

ethereum-cryptography@^2.0.0:
  version "2.0.0"
  resolved "https://registry.yarnpkg.com/ethereum-cryptography/-/ethereum-cryptography-2.0.0.tgz#e052b49fa81affae29402e977b8d3a31f88612b6"
  integrity sha512-g25m4EtfQGjstWgVE1aIz7XYYjf3kH5kG17ULWVB5dH6uLahsoltOhACzSxyDV+fhn4gbR4xRrOXGe6r2uh4Bg==
  dependencies:
    "@noble/curves" "1.0.0"
    "@noble/hashes" "1.3.0"
    "@scure/bip32" "1.3.0"
    "@scure/bip39" "1.2.0"

fsevents@~2.3.2:
  version "2.3.2"
  resolved "https://registry.yarnpkg.com/fsevents/-/fsevents-2.3.2.tgz#8a526f78b8fdf4623b709e0b975c52c24c02fd1a"
  integrity sha512-xiqMQR4xAeHTuB9uWm+fFRcIOgKBMiOBP+eXiyT7jsgVCq1bkVygt00oASowB7EdtpOHaaPgKt812P9ab+DDKA==

get-func-name@^2.0.0:
  version "2.0.0"
  resolved "https://registry.yarnpkg.com/get-func-name/-/get-func-name-2.0.0.tgz#ead774abee72e20409433a066366023dd6887a41"
  integrity sha512-Hm0ixYtaSZ/V7C8FJrtZIuBBI+iSgL+1Aq82zSu8VQNB4S3Gk8e7Qs3VwBDJAhmRZcFqkl3tQu36g/Foh5I5ig==

hamt-sharding@^3.0.0:
  version "3.0.2"
  resolved "https://registry.yarnpkg.com/hamt-sharding/-/hamt-sharding-3.0.2.tgz#a3fba1e4e6b58469388a0e1458768c78c0cd95f6"
  integrity sha512-f0DzBD2tSmLFdFsLAvOflIBqFPjerbA7BfmwO8mVho/5hXwgyyYhv+ijIzidQf/DpDX3bRjAQvhGoBFj+DBvPw==
  dependencies:
    sparse-array "^1.3.1"
    uint8arrays "^4.0.2"

ieee754@^1.2.1:
  version "1.2.1"
  resolved "https://registry.yarnpkg.com/ieee754/-/ieee754-1.2.1.tgz#8eb7a10a63fff25d15a57b001586d177d1b0d352"
  integrity sha512-dcyqhDvX1C46lXZcVqCpK+FtMRQVdIMN6/Df5js2zouUsqG7I6sFxitIC+7KYK29KdXOLHdu9zL4sFnoVQnqaA==

inherits@^2.0.3, inherits@^2.0.4:
  version "2.0.4"
  resolved "https://registry.yarnpkg.com/inherits/-/inherits-2.0.4.tgz#0fa2c64f932917c3433a0ded55363aae37416b7c"
  integrity sha512-k/vGaX4/Yla3WzyMCvTQOXYeIHvqOKtnqBduzTHpzpQZzAskKMhZ2K+EnBiSM9zGSoIFeMpXKxa4dYeZIQqewQ==

interface-blockstore@^5.0.0:
  version "5.2.3"
  resolved "https://registry.yarnpkg.com/interface-blockstore/-/interface-blockstore-5.2.3.tgz#cc334a28789aa6215c1732de1fcfa1e178c4d312"
  integrity sha512-15cN+ZFdcVXdXo6I/SrSzFDsuJyDTyEI52XuvXQlR/G5fe3cK8p0tvVjfu5diRQH1XqNgmJEdMPixyt0xgjtvQ==
  dependencies:
    interface-store "^5.0.0"
    multiformats "^11.0.2"

interface-store@^5.0.0, interface-store@^5.0.1:
  version "5.1.2"
  resolved "https://registry.yarnpkg.com/interface-store/-/interface-store-5.1.2.tgz#3a884bdf2b606ba570b34a8fd6edd59487f2f6bd"
  integrity sha512-q2sLoqC+UdaWnjwGyghsH0jwqqVk226lsG207e3QwPB8sAZYmYIWUnJwJH3JjFNNRV9e6CUTmm+gDO0Xg4KRiw==

ipfs-unixfs-importer@^15.1.7:
  version "15.1.7"
  resolved "https://registry.yarnpkg.com/ipfs-unixfs-importer/-/ipfs-unixfs-importer-15.1.7.tgz#13b8d192feeda18cad40dc8e8b5c62a22e0c59f3"
  integrity sha512-dhcgfW5tigCcL3GhCCzEnNliU2M35mj23KYlcAHh7SCEMOHjNPZjm7kT8prrV24lJLite1QvS//BdcFS/yYY4Q==
  dependencies:
    "@ipld/dag-pb" "^4.0.0"
    "@multiformats/murmur3" "^2.0.0"
    err-code "^3.0.1"
    hamt-sharding "^3.0.0"
    interface-blockstore "^5.0.0"
    interface-store "^5.0.1"
    ipfs-unixfs "^11.0.0"
    it-all "^3.0.2"
    it-batch "^3.0.2"
    it-first "^3.0.2"
    it-parallel-batch "^3.0.1"
    multiformats "^11.0.0"
    progress-events "^1.0.0"
    rabin-wasm "^0.1.4"
    uint8arraylist "^2.4.3"
    uint8arrays "^4.0.2"

ipfs-unixfs@^11.0.0:
  version "11.0.1"
  resolved "https://registry.yarnpkg.com/ipfs-unixfs/-/ipfs-unixfs-11.0.1.tgz#7232e888b15a785aef7a5bd4dedf1861401f3b63"
  integrity sha512-SD9dqn14bfgMfkPstsR/2Av3zCzYMj2ntQJab4HZucgX4nNV6K7guZh4Hf3kiL8ONff1Ogft1ekFU083DIKEdQ==
  dependencies:
    err-code "^3.0.1"
    protons-runtime "^5.0.0"
    uint8arraylist "^2.4.3"

it-all@^3.0.2:
  version "3.0.2"
  resolved "https://registry.yarnpkg.com/it-all/-/it-all-3.0.2.tgz#620b82c702c9c6d1c4caddb6407dba4a4baa970b"
  integrity sha512-ujqWETXhsDbF6C+6X6fvRw5ohlowRoy/o/h9BC8D+R3JQ13oLQ153w9gSWkWupOY7omZFQbJiAL1aJo5Gwe2yw==

it-batch@^3.0.0, it-batch@^3.0.2:
  version "3.0.2"
  resolved "https://registry.yarnpkg.com/it-batch/-/it-batch-3.0.2.tgz#67c9ad0c022fb2aec984f95057cde12993a2501e"
  integrity sha512-Ypepz/vCxNFOvFkUPFvoxGb8WzqainzhflRaJahp1MBo3Y42ICdrgR3xIwOFE6WAgO+UWUM0zeMlbUStsW9AIQ==

it-first@^3.0.2:
  version "3.0.2"
  resolved "https://registry.yarnpkg.com/it-first/-/it-first-3.0.2.tgz#6186a40ca52c6212815177346a784c1db1034cbb"
  integrity sha512-QPLAM2BOkait/o6W25HvP0XTEv+Os3Ce4wET//ADNaPv+WYAHWfQwJuMu5FB8X066hA1F7LEMnULvTpE7/4yQw==

it-parallel-batch@^3.0.1:
  version "3.0.1"
  resolved "https://registry.yarnpkg.com/it-parallel-batch/-/it-parallel-batch-3.0.1.tgz#37fbededebb74bf4a337cb2c43e5cc429738a22d"
  integrity sha512-4KTvYVYpCdrYUrAHSeH6o5hnHuDVHWzB8TztV/hdckUZzZIjbax4kVblmnzoYREX8Huj5+50irBu7b+c8jyKQg==
  dependencies:
    it-batch "^3.0.0"

jsonc-parser@^3.2.0:
  version "3.2.0"
  resolved "https://registry.yarnpkg.com/jsonc-parser/-/jsonc-parser-3.2.0.tgz#31ff3f4c2b9793f89c67212627c51c6394f88e76"
  integrity sha512-gfFQZrcTc8CnKXp6Y4/CBT3fTc0OVuDofpre4aEeEpSBPV5X5v4+Vmx+8snU7RLPrNHPKSgLxGo9YuQzz20o+w==

local-pkg@^0.4.3:
  version "0.4.3"
  resolved "https://registry.yarnpkg.com/local-pkg/-/local-pkg-0.4.3.tgz#0ff361ab3ae7f1c19113d9bb97b98b905dbc4963"
  integrity sha512-SFppqq5p42fe2qcZQqqEOiVRXl+WCP1MdT6k7BDEW1j++sp5fIY+/fdRQitvKgB5BrBcmrs5m/L0v2FrU5MY1g==

long@^5.0.0:
  version "5.2.3"
  resolved "https://registry.yarnpkg.com/long/-/long-5.2.3.tgz#a3ba97f3877cf1d778eccbcb048525ebb77499e1"
  integrity sha512-lcHwpNoggQTObv5apGNCTdJrO69eHOZMi4BNC+rTLER8iHAqGrUVeLh/irVIM7zTw2bOXA8T6uNPeujwOLg/2Q==

loupe@^2.3.1, loupe@^2.3.6:
  version "2.3.6"
  resolved "https://registry.yarnpkg.com/loupe/-/loupe-2.3.6.tgz#76e4af498103c532d1ecc9be102036a21f787b53"
  integrity sha512-RaPMZKiMy8/JruncMU5Bt6na1eftNoo++R4Y+N2FrxkDVTrGvcyzFTsaGif4QTeKESheMGegbhw6iUAq+5A8zA==
  dependencies:
    get-func-name "^2.0.0"

magic-string@^0.30.1:
  version "0.30.1"
  resolved "https://registry.yarnpkg.com/magic-string/-/magic-string-0.30.1.tgz#ce5cd4b0a81a5d032bd69aab4522299b2166284d"
  integrity sha512-mbVKXPmS0z0G4XqFDCTllmDQ6coZzn94aMlb0o/A4HEHJCKcanlDZwYJgwnkmgD3jyWhUgj9VsPrfd972yPffA==
  dependencies:
    "@jridgewell/sourcemap-codec" "^1.4.15"

minimist@^1.2.5:
  version "1.2.8"
  resolved "https://registry.yarnpkg.com/minimist/-/minimist-1.2.8.tgz#c1a464e7693302e082a075cee0c057741ac4772c"
  integrity sha512-2yyAR8qBkN3YuheJanUpWC5U3bb5osDywNB8RzDVlDwDHbocAJveqqj1u8+SVD7jkWT4yvsHCpWqqWqAxb0zCA==

mlly@^1.2.0, mlly@^1.4.0:
  version "1.4.0"
  resolved "https://registry.yarnpkg.com/mlly/-/mlly-1.4.0.tgz#830c10d63f1f97bd8785377b24dc2a15d972832b"
  integrity sha512-ua8PAThnTwpprIaU47EPeZ/bPUVp2QYBbWMphUQpVdBI3Lgqzm5KZQ45Agm3YJedHXaIHl6pBGabaLSUPPSptg==
  dependencies:
    acorn "^8.9.0"
    pathe "^1.1.1"
    pkg-types "^1.0.3"
    ufo "^1.1.2"

ms@2.1.2:
  version "2.1.2"
  resolved "https://registry.yarnpkg.com/ms/-/ms-2.1.2.tgz#d09d1f357b443f493382a8eb3ccd183872ae6009"
  integrity sha512-sGkPx+VjMtmA6MX27oA4FBFELFCZZ4S4XqeGOXCv68tT+jb3vk/RyaKWP0PTKyWtmLSM0b+adUTEvbs1PEaH2w==

multiformats@^11.0.0, multiformats@^11.0.2:
  version "11.0.2"
  resolved "https://registry.yarnpkg.com/multiformats/-/multiformats-11.0.2.tgz#b14735efc42cd8581e73895e66bebb9752151b60"
  integrity sha512-b5mYMkOkARIuVZCpvijFj9a6m5wMVLC7cf/jIPd5D/ARDOfLC5+IFkbgDXQgcU2goIsTD/O9NY4DI/Mt4OGvlg==

multiformats@^12.0.1:
  version "12.0.1"
  resolved "https://registry.yarnpkg.com/multiformats/-/multiformats-12.0.1.tgz#dd3e19dd44114c2672e4795a36888d263be30131"
  integrity sha512-s01wijBJoDUqESWSzePY0lvTw7J3PVO9x2Cc6ASI5AMZM2Gnhh7BC17+nlFhHKU7dDzaCaRfb+NiqNzOsgPUoQ==

murmurhash3js-revisited@^3.0.0:
  version "3.0.0"
  resolved "https://registry.yarnpkg.com/murmurhash3js-revisited/-/murmurhash3js-revisited-3.0.0.tgz#6bd36e25de8f73394222adc6e41fa3fac08a5869"
  integrity sha512-/sF3ee6zvScXMb1XFJ8gDsSnY+X8PbOyjIuBhtgis10W2Jx4ZjIhikUCIF9c4gpJxVnQIsPAFrSwTCuAjicP6g==

nanoid@^3.3.6:
  version "3.3.6"
  resolved "https://registry.yarnpkg.com/nanoid/-/nanoid-3.3.6.tgz#443380c856d6e9f9824267d960b4236ad583ea4c"
  integrity sha512-BGcqMMJuToF7i1rt+2PWSNVnWIkGCU78jBG3RxO/bZlnZPK2Cmi2QaffxGO/2RvWi9sL+FAiRiXMgsyxQ1DIDA==

node-fetch@^2.6.1:
  version "2.6.12"
  resolved "https://registry.yarnpkg.com/node-fetch/-/node-fetch-2.6.12.tgz#02eb8e22074018e3d5a83016649d04df0e348fba"
  integrity sha512-C/fGU2E8ToujUivIO0H+tpQ6HWo4eEmchoPIoXtxCrVghxdKq+QOHqEZW7tuP3KlV3bC8FRMO5nMCC7Zm1VP6g==
  dependencies:
    whatwg-url "^5.0.0"

p-limit@^4.0.0:
  version "4.0.0"
  resolved "https://registry.yarnpkg.com/p-limit/-/p-limit-4.0.0.tgz#914af6544ed32bfa54670b061cafcbd04984b644"
  integrity sha512-5b0R4txpzjPWVw/cXXUResoD4hb6U/x9BH08L7nw+GN1sezDzPdxeRvpc9c433fZhBan/wusjbCsqwqm4EIBIQ==
  dependencies:
    yocto-queue "^1.0.0"

pathe@^1.1.0, pathe@^1.1.1:
  version "1.1.1"
  resolved "https://registry.yarnpkg.com/pathe/-/pathe-1.1.1.tgz#1dd31d382b974ba69809adc9a7a347e65d84829a"
  integrity sha512-d+RQGp0MAYTIaDBIMmOfMwz3E+LOZnxx1HZd5R18mmCZY0QBlK0LDZfPc8FW8Ed2DlvsuE6PRjroDY+wg4+j/Q==

pathval@^1.1.1:
  version "1.1.1"
  resolved "https://registry.yarnpkg.com/pathval/-/pathval-1.1.1.tgz#8534e77a77ce7ac5a2512ea21e0fdb8fcf6c3d8d"
  integrity sha512-Dp6zGqpTdETdR63lehJYPeIOqpiNBNtc7BpWSLrOje7UaIsE5aY92r/AunQA7rsXvet3lrJ3JnZX29UPTKXyKQ==

picocolors@^1.0.0:
  version "1.0.0"
  resolved "https://registry.yarnpkg.com/picocolors/-/picocolors-1.0.0.tgz#cb5bdc74ff3f51892236eaf79d68bc44564ab81c"
  integrity sha512-1fygroTLlHu66zi26VoTDv8yRgm0Fccecssto+MhsZ0D/DGW2sm8E8AjW7NU5VVTRt5GxbeZ5qBuJr+HyLYkjQ==

pkg-types@^1.0.3:
  version "1.0.3"
  resolved "https://registry.yarnpkg.com/pkg-types/-/pkg-types-1.0.3.tgz#988b42ab19254c01614d13f4f65a2cfc7880f868"
  integrity sha512-nN7pYi0AQqJnoLPC9eHFQ8AcyaixBUOwvqc5TDnIKCMEE6I0y8P7OKA7fPexsXGCGxQDl/cmrLAp26LhcwxZ4A==
  dependencies:
    jsonc-parser "^3.2.0"
    mlly "^1.2.0"
    pathe "^1.1.0"

postcss@^8.4.25:
  version "8.4.26"
  resolved "https://registry.yarnpkg.com/postcss/-/postcss-8.4.26.tgz#1bc62ab19f8e1e5463d98cf74af39702a00a9e94"
  integrity sha512-jrXHFF8iTloAenySjM/ob3gSj7pCu0Ji49hnjqzsgSRa50hkWCKD0HQ+gMNJkW38jBI68MpAAg7ZWwHwX8NMMw==
  dependencies:
    nanoid "^3.3.6"
    picocolors "^1.0.0"
    source-map-js "^1.0.2"

pretty-format@^29.5.0:
  version "29.6.1"
  resolved "https://registry.yarnpkg.com/pretty-format/-/pretty-format-29.6.1.tgz#ec838c288850b7c4f9090b867c2d4f4edbfb0f3e"
  integrity sha512-7jRj+yXO0W7e4/tSJKoR7HRIHLPPjtNaUGG2xxKQnGvPNRkgWcQ0AZX6P4KBRJN4FcTBWb3sa7DVUJmocYuoog==
  dependencies:
    "@jest/schemas" "^29.6.0"
    ansi-styles "^5.0.0"
    react-is "^18.0.0"

progress-events@^1.0.0:
  version "1.0.0"
  resolved "https://registry.yarnpkg.com/progress-events/-/progress-events-1.0.0.tgz#34f5e8fdb5dae3561837b22672d1e02277bb2109"
  integrity sha512-zIB6QDrSbPfRg+33FZalluFIowkbV5Xh1xSuetjG+rlC5he6u2dc6VQJ0TbMdlN3R1RHdpOqxEFMKTnQ+itUwA==

protobufjs@^7.0.0:
  version "7.2.4"
  resolved "https://registry.yarnpkg.com/protobufjs/-/protobufjs-7.2.4.tgz#3fc1ec0cdc89dd91aef9ba6037ba07408485c3ae"
  integrity sha512-AT+RJgD2sH8phPmCf7OUZR8xGdcJRga4+1cOaXJ64hvcSkVhNcRHOwIxUatPH15+nj59WAGTDv3LSGZPEQbJaQ==
  dependencies:
    "@protobufjs/aspromise" "^1.1.2"
    "@protobufjs/base64" "^1.1.2"
    "@protobufjs/codegen" "^2.0.4"
    "@protobufjs/eventemitter" "^1.1.0"
    "@protobufjs/fetch" "^1.1.0"
    "@protobufjs/float" "^1.0.2"
    "@protobufjs/inquire" "^1.1.0"
    "@protobufjs/path" "^1.1.2"
    "@protobufjs/pool" "^1.1.0"
    "@protobufjs/utf8" "^1.1.0"
    "@types/node" ">=13.7.0"
    long "^5.0.0"

protons-runtime@^5.0.0:
  version "5.0.1"
  resolved "https://registry.yarnpkg.com/protons-runtime/-/protons-runtime-5.0.1.tgz#a9900b2e31153d3a867821b92d2a31e6aa442284"
  integrity sha512-AwyAA3pQ4Ka4tEBMdIjLi/cRdpb322f7sgv3NruVq9yguLggzwu5eeLe1HuRPFYlI4UsVN/QK/AQXjLPVLCzTA==
  dependencies:
    protobufjs "^7.0.0"
    uint8arraylist "^2.4.3"

rabin-wasm@^0.1.4:
  version "0.1.5"
  resolved "https://registry.yarnpkg.com/rabin-wasm/-/rabin-wasm-0.1.5.tgz#5b625ca007d6a2cbc1456c78ae71d550addbc9c9"
  integrity sha512-uWgQTo7pim1Rnj5TuWcCewRDTf0PEFTSlaUjWP4eY9EbLV9em08v89oCz/WO+wRxpYuO36XEHp4wgYQnAgOHzA==
  dependencies:
    "@assemblyscript/loader" "^0.9.4"
    bl "^5.0.0"
    debug "^4.3.1"
    minimist "^1.2.5"
    node-fetch "^2.6.1"
    readable-stream "^3.6.0"

react-is@^18.0.0:
  version "18.2.0"
  resolved "https://registry.yarnpkg.com/react-is/-/react-is-18.2.0.tgz#199431eeaaa2e09f86427efbb4f1473edb47609b"
  integrity sha512-xWGDIW6x921xtzPkhiULtthJHoJvBbF3q26fzloPCK0hsvxtPVelvftw3zjbHWSkR2km9Z+4uxbDDK/6Zw9B8w==

readable-stream@^3.4.0, readable-stream@^3.6.0:
  version "3.6.2"
  resolved "https://registry.yarnpkg.com/readable-stream/-/readable-stream-3.6.2.tgz#56a9b36ea965c00c5a93ef31eb111a0f11056967"
  integrity sha512-9u/sniCrY3D5WdsERHzHE4G2YCXqoG5FTHUiCC4SIbr6XcLZBY05ya9EKjYek9O5xOAwjGq+1JdGBAS7Q9ScoA==
  dependencies:
    inherits "^2.0.3"
    string_decoder "^1.1.1"
    util-deprecate "^1.0.1"

rollup@^3.25.2:
  version "3.26.3"
  resolved "https://registry.yarnpkg.com/rollup/-/rollup-3.26.3.tgz#bbc8818cadd0aebca348dbb3d68d296d220967b8"
  integrity sha512-7Tin0C8l86TkpcMtXvQu6saWH93nhG3dGQ1/+l5V2TDMceTxO7kDiK6GzbfLWNNxqJXm591PcEZUozZm51ogwQ==
  optionalDependencies:
    fsevents "~2.3.2"

safe-buffer@~5.2.0:
  version "5.2.1"
  resolved "https://registry.yarnpkg.com/safe-buffer/-/safe-buffer-5.2.1.tgz#1eaf9fa9bdb1fdd4ec75f58f9cdb4e6b7827eec6"
  integrity sha512-rp3So07KcdmmKbGvgaNxQSJr7bGVSVk5S9Eq1F+ppbRo70+YeaDxkw5Dd8NPN+GD6bjnYm2VuPuCXmpuYvmCXQ==

siginfo@^2.0.0:
  version "2.0.0"
  resolved "https://registry.yarnpkg.com/siginfo/-/siginfo-2.0.0.tgz#32e76c70b79724e3bb567cb9d543eb858ccfaf30"
  integrity sha512-ybx0WO1/8bSBLEWXZvEd7gMW3Sn3JFlW3TvX1nREbDLRNQNaeNN8WK0meBwPdAaOI7TtRRRJn/Es1zhrrCHu7g==

source-map-js@^1.0.2:
  version "1.0.2"
  resolved "https://registry.yarnpkg.com/source-map-js/-/source-map-js-1.0.2.tgz#adbc361d9c62df380125e7f161f71c826f1e490c"
  integrity sha512-R0XvVJ9WusLiqTCEiGCmICCMplcCkIwwR11mOSD9CR5u+IXYdiseeEuXCVAjS54zqwkLcPNnmU4OeJ6tUrWhDw==

sparse-array@^1.3.1:
  version "1.3.2"
  resolved "https://registry.yarnpkg.com/sparse-array/-/sparse-array-1.3.2.tgz#0e1a8b71706d356bc916fe754ff496d450ec20b0"
  integrity sha512-ZT711fePGn3+kQyLuv1fpd3rNSkNF8vd5Kv2D+qnOANeyKs3fx6bUMGWRPvgTTcYV64QMqZKZwcuaQSP3AZ0tg==

stackback@0.0.2:
  version "0.0.2"
  resolved "https://registry.yarnpkg.com/stackback/-/stackback-0.0.2.tgz#1ac8a0d9483848d1695e418b6d031a3c3ce68e3b"
  integrity sha512-1XMJE5fQo1jGH6Y/7ebnwPOBEkIEnT4QF32d5R1+VXdXveM0IBMJt8zfaxX1P3QhVwrYe+576+jkANtSS2mBbw==

std-env@^3.3.3:
  version "3.3.3"
  resolved "https://registry.yarnpkg.com/std-env/-/std-env-3.3.3.tgz#a54f06eb245fdcfef53d56f3c0251f1d5c3d01fe"
  integrity sha512-Rz6yejtVyWnVjC1RFvNmYL10kgjC49EOghxWn0RFqlCHGFpQx+Xe7yW3I4ceK1SGrWIGMjD5Kbue8W/udkbMJg==

string_decoder@^1.1.1:
  version "1.3.0"
  resolved "https://registry.yarnpkg.com/string_decoder/-/string_decoder-1.3.0.tgz#42f114594a46cf1a8e30b0a84f56c78c3edac21e"
  integrity sha512-hkRX8U1WjJFd8LsDJ2yQ/wWWxaopEsABU1XfkM8A+j0+85JAGppt16cr1Whg6KIbb4okU6Mql6BOj+uup/wKeA==
  dependencies:
    safe-buffer "~5.2.0"

strip-literal@^1.0.1:
  version "1.0.1"
  resolved "https://registry.yarnpkg.com/strip-literal/-/strip-literal-1.0.1.tgz#0115a332710c849b4e46497891fb8d585e404bd2"
  integrity sha512-QZTsipNpa2Ppr6v1AmJHESqJ3Uz247MUS0OjrnnZjFAvEoWqxuyFuXn2xLgMtRnijJShAa1HL0gtJyUs7u7n3Q==
  dependencies:
    acorn "^8.8.2"

tinybench@^2.5.0:
  version "2.5.0"
  resolved "https://registry.yarnpkg.com/tinybench/-/tinybench-2.5.0.tgz#4711c99bbf6f3e986f67eb722fed9cddb3a68ba5"
  integrity sha512-kRwSG8Zx4tjF9ZiyH4bhaebu+EDz1BOx9hOigYHlUW4xxI/wKIUQUqo018UlU4ar6ATPBsaMrdbKZ+tmPdohFA==

tinypool@^0.6.0:
  version "0.6.0"
  resolved "https://registry.yarnpkg.com/tinypool/-/tinypool-0.6.0.tgz#c3640b851940abe2168497bb6e43b49fafb3ba7b"
  integrity sha512-FdswUUo5SxRizcBc6b1GSuLpLjisa8N8qMyYoP3rl+bym+QauhtJP5bvZY1ytt8krKGmMLYIRl36HBZfeAoqhQ==

tinyspy@^2.1.1:
  version "2.1.1"
  resolved "https://registry.yarnpkg.com/tinyspy/-/tinyspy-2.1.1.tgz#9e6371b00c259e5c5b301917ca18c01d40ae558c"
  integrity sha512-XPJL2uSzcOyBMky6OFrusqWlzfFrXtE0hPuMgW8A2HmaqrPo4ZQHRN/V0QXN3FSjKxpsbRrFc5LI7KOwBsT1/w==

tr46@~0.0.3:
  version "0.0.3"
  resolved "https://registry.yarnpkg.com/tr46/-/tr46-0.0.3.tgz#8184fd347dac9cdc185992f3a6622e14b9d9ab6a"
  integrity sha512-N3WMsuqV66lT30CrXNbEjx4GEwlow3v6rr4mCcv6prnfwhS01rkgyFdjPNBYd9br7LpXV1+Emh01fHnq2Gdgrw==

type-detect@^4.0.0, type-detect@^4.0.5:
  version "4.0.8"
  resolved "https://registry.yarnpkg.com/type-detect/-/type-detect-4.0.8.tgz#7646fb5f18871cfbb7749e69bd39a6388eb7450c"
  integrity sha512-0fr/mIH1dlO+x7TlcMy+bIDqKPsw/70tVyeHW787goQjhmqaZe10uwLujubK9q9Lg6Fiho1KUKDYz0Z7k7g5/g==

typescript@^4.3.5:
  version "4.9.5"
  resolved "https://registry.yarnpkg.com/typescript/-/typescript-4.9.5.tgz#095979f9bcc0d09da324d58d03ce8f8374cbe65a"
  integrity sha512-1FXk9E2Hm+QzZQ7z+McJiHL4NW1F2EzMu9Nq9i3zAaGqibafqYwCVU6WyWAuyQRRzOlxou8xZSyXLEN8oKj24g==

ufo@^1.1.2:
  version "1.1.2"
  resolved "https://registry.yarnpkg.com/ufo/-/ufo-1.1.2.tgz#d0d9e0fa09dece0c31ffd57bd363f030a35cfe76"
  integrity sha512-TrY6DsjTQQgyS3E3dBaOXf0TpPD8u9FVrVYmKVegJuFw51n/YB9XPt+U6ydzFG5ZIN7+DIjPbNmXoBj9esYhgQ==

uint8arraylist@^2.4.3:
  version "2.4.3"
  resolved "https://registry.yarnpkg.com/uint8arraylist/-/uint8arraylist-2.4.3.tgz#1148aa979b407d382e4eb8d9c8f2b4bf3f5910d5"
  integrity sha512-oEVZr4/GrH87K0kjNce6z8pSCzLEPqHNLNR5sj8cJOySrTP8Vb/pMIbZKLJGhQKxm1TiZ31atNrpn820Pyqpow==
  dependencies:
    uint8arrays "^4.0.2"

uint8arrays@^4.0.2:
  version "4.0.4"
  resolved "https://registry.yarnpkg.com/uint8arrays/-/uint8arrays-4.0.4.tgz#3254e01aeb166a3f35e66e60e4e37002f4ea13fd"
  integrity sha512-AOoA66e/A7zoXm1mgzQjGmkWDTvCrS3ttWXLHFtlVAwMobLcaOA7G7WRNNAcyfjjYdFDtkEK6njRDX7hZLIO9Q==
  dependencies:
    multiformats "^11.0.0"

util-deprecate@^1.0.1:
  version "1.0.2"
  resolved "https://registry.yarnpkg.com/util-deprecate/-/util-deprecate-1.0.2.tgz#450d4dc9fa70de732762fbd2d4a28981419a0ccf"
  integrity sha512-EPD5q1uXyFxJpCrLnCc1nHnq3gOa6DZBocAIiI2TaSCA7VCJ1UJDMagCzIkXNsUYfD1daK//LTEQ8xiIbrHtcw==

vite-node@0.33.0:
  version "0.33.0"
  resolved "https://registry.yarnpkg.com/vite-node/-/vite-node-0.33.0.tgz#c6a3a527e0b8090da7436241bc875760ae0eef28"
  integrity sha512-19FpHYbwWWxDr73ruNahC+vtEdza52kA90Qb3La98yZ0xULqV8A5JLNPUff0f5zID4984tW7l3DH2przTJUZSw==
  dependencies:
    cac "^6.7.14"
    debug "^4.3.4"
    mlly "^1.4.0"
    pathe "^1.1.1"
    picocolors "^1.0.0"
    vite "^3.0.0 || ^4.0.0"

"vite@^3.0.0 || ^4.0.0":
  version "4.4.4"
  resolved "https://registry.yarnpkg.com/vite/-/vite-4.4.4.tgz#b76e6049c0e080cb54e735ad2d18287753752118"
  integrity sha512-4mvsTxjkveWrKDJI70QmelfVqTm+ihFAb6+xf4sjEU2TmUCTlVX87tmg/QooPEMQb/lM9qGHT99ebqPziEd3wg==
  dependencies:
    esbuild "^0.18.10"
    postcss "^8.4.25"
    rollup "^3.25.2"
  optionalDependencies:
    fsevents "~2.3.2"

vitest@^0.33.0:
  version "0.33.0"
  resolved "https://registry.yarnpkg.com/vitest/-/vitest-0.33.0.tgz#e2be6153aec1d30e3460ac6d64265bf72da2551c"
  integrity sha512-1CxaugJ50xskkQ0e969R/hW47za4YXDUfWJDxip1hwbnhUjYolpfUn2AMOulqG/Dtd9WYAtkHmM/m3yKVrEejQ==
  dependencies:
    "@types/chai" "^4.3.5"
    "@types/chai-subset" "^1.3.3"
    "@types/node" "*"
    "@vitest/expect" "0.33.0"
    "@vitest/runner" "0.33.0"
    "@vitest/snapshot" "0.33.0"
    "@vitest/spy" "0.33.0"
    "@vitest/utils" "0.33.0"
    acorn "^8.9.0"
    acorn-walk "^8.2.0"
    cac "^6.7.14"
    chai "^4.3.7"
    debug "^4.3.4"
    local-pkg "^0.4.3"
    magic-string "^0.30.1"
    pathe "^1.1.1"
    picocolors "^1.0.0"
    std-env "^3.3.3"
    strip-literal "^1.0.1"
    tinybench "^2.5.0"
    tinypool "^0.6.0"
    vite "^3.0.0 || ^4.0.0"
    vite-node "0.33.0"
    why-is-node-running "^2.2.2"

webidl-conversions@^3.0.0:
  version "3.0.1"
  resolved "https://registry.yarnpkg.com/webidl-conversions/-/webidl-conversions-3.0.1.tgz#24534275e2a7bc6be7bc86611cc16ae0a5654871"
  integrity sha512-2JAn3z8AR6rjK8Sm8orRC0h/bcl/DqL7tRPdGZ4I1CjdF+EaMLmYxBHyXuKL849eucPFhvBoxMsflfOb8kxaeQ==

whatwg-url@^5.0.0:
  version "5.0.0"
  resolved "https://registry.yarnpkg.com/whatwg-url/-/whatwg-url-5.0.0.tgz#966454e8765462e37644d3626f6742ce8b70965d"
  integrity sha512-saE57nupxk6v3HY35+jzBwYa0rKSy0XR8JSxZPwgLr7ys0IBzhGviA1/TUGJLmSVqs8pb9AnvICXEuOHLprYTw==
  dependencies:
    tr46 "~0.0.3"
    webidl-conversions "^3.0.0"

why-is-node-running@^2.2.2:
  version "2.2.2"
  resolved "https://registry.yarnpkg.com/why-is-node-running/-/why-is-node-running-2.2.2.tgz#4185b2b4699117819e7154594271e7e344c9973e"
  integrity sha512-6tSwToZxTOcotxHeA+qGCq1mVzKR3CwcJGmVcY+QE8SHy6TnpFnh8PAvPNHYr7EcuVeG0QSMxtYCuO1ta/G/oA==
  dependencies:
    siginfo "^2.0.0"
    stackback "0.0.2"

yocto-queue@^1.0.0:
  version "1.0.0"
  resolved "https://registry.yarnpkg.com/yocto-queue/-/yocto-queue-1.0.0.tgz#7f816433fb2cbc511ec8bf7d263c3b58a1a3c251"
  integrity sha512-9bnSc/HEW2uRy67wc+T8UwauLuPJVn28jb+GtJY16iiKWyvmYJRXVT4UamsAEGQfPohgr2q4Tq0sQbQlxTfi1g==
